
Microsoft Visual Studio Solution File, Format Version 12.00
# Visual Studio Version 17
VisualStudioVersion = 17.7.34003.232
MinimumVisualStudioVersion = 10.0.40219.1
Project("{9A19103F-16F7-4668-BE54-9A1E7A4F7556}") = "DBContextApp", "DBContext\DBContextApp.csproj", "{2C08CB29-7EDC-40CD-8046-6BD78B0B6180}"
EndProject
Global
	GlobalSection(SolutionConfigurationPlatforms) = preSolution
		Debug|Any CPU = Debug|Any CPU
		Release|Any CPU = Release|Any CPU
	EndGlobalSection
	GlobalSection(ProjectConfigurationPlatforms) = postSolution
		{2C08CB29-7EDC-40CD-8046-6BD78B0B6180}.Debug|Any CPU.ActiveCfg = Debug|Any CPU
		{2C08CB29-7EDC-40CD-8046-6BD78B0B6180}.Debug|Any CPU.Build.0 = Debug|Any CPU
		{2C08CB29-7EDC-40CD-8046-6BD78B0B6180}.Release|Any CPU.ActiveCfg = Release|Any CPU
		{2C08CB29-7EDC-40CD-8046-6BD78B0B6180}.Release|Any CPU.Build.0 = Release|Any CPU
	EndGlobalSection
	GlobalSection(SolutionProperties) = preSolution
		HideSolutionNode = FALSE
	EndGlobalSection
	GlobalSection(ExtensibilityGlobals) = postSolution
		SolutionGuid = {72AF84E9-AE2E-4B64-96D1-596ADEECE1DD}
	EndGlobalSection
EndGlobal
